
Microsoft Visual Studio Solution File, Format Version 12.00
# Visual Studio Version 16
VisualStudioVersion = 16.0.28922.388
MinimumVisualStudioVersion = 10.0.40219.1
Project("{FAE04EC0-301F-11D3-BF4B-00C04F79EFBC}") = "YouTubeWeb", "YouTubeWeb\YouTubeWeb.csproj", "{2F6EB7C9-68A2-450F-9B78-AD51698EBBB7}"
EndProject
Global
	GlobalSection(SolutionConfigurationPlatforms) = preSolution
		Debug|Any CPU = Debug|Any CPU
		Release|Any CPU = Release|Any CPU
	EndGlobalSection
	GlobalSection(ProjectConfigurationPlatforms) = postSolution
		{2F6EB7C9-68A2-450F-9B78-AD51698EBBB7}.Debug|Any CPU.ActiveCfg = Debug|Any CPU
		{2F6EB7C9-68A2-450F-9B78-AD51698EBBB7}.Debug|Any CPU.Build.0 = Debug|Any CPU
		{2F6EB7C9-68A2-450F-9B78-AD51698EBBB7}.Release|Any CPU.ActiveCfg = Release|Any CPU
		{2F6EB7C9-68A2-450F-9B78-AD51698EBBB7}.Release|Any CPU.Build.0 = Release|Any CPU
	EndGlobalSection
	GlobalSection(SolutionProperties) = preSolution
		HideSolutionNode = FALSE
	EndGlobalSection
	GlobalSection(ExtensibilityGlobals) = postSolution
		SolutionGuid = {7C8FA6DD-4700-4510-B11F-8E56184303BB}
	EndGlobalSection
EndGlobal
